
Microsoft Visual Studio Solution File, Format Version 12.00
# Visual Studio Version 17
VisualStudioVersion = 17.4.33205.214
MinimumVisualStudioVersion = 10.0.40219.1
Project("{FAE04EC0-301F-11D3-BF4B-00C04F79EFBC}") = "MariaBlogJuridico_V2", "MariaBlogJuridico_V2\MariaBlogJuridico_V2.csproj", "{9BE2D044-E541-4363-F071-FBD3DE84BE12}"
EndProject
Global
	GlobalSection(SolutionConfigurationPlatforms) = preSolution
		Debug|Any CPU = Debug|Any CPU
		Release|Any CPU = Release|Any CPU
	EndGlobalSection
	GlobalSection(ProjectConfigurationPlatforms) = postSolution
		{9BE2D044-E541-4363-F071-FBD3DE84BE12}.Debug|Any CPU.ActiveCfg = Debug|Any CPU
		{9BE2D044-E541-4363-F071-FBD3DE84BE12}.Debug|Any CPU.Build.0 = Debug|Any CPU
		{9BE2D044-E541-4363-F071-FBD3DE84BE12}.Release|Any CPU.ActiveCfg = Release|Any CPU
		{9BE2D044-E541-4363-F071-FBD3DE84BE12}.Release|Any CPU.Build.0 = Release|Any CPU
	EndGlobalSection
	GlobalSection(SolutionProperties) = preSolution
		HideSolutionNode = FALSE
	EndGlobalSection
	GlobalSection(ExtensibilityGlobals) = postSolution
		SolutionGuid = {055D2105-94B3-400E-BD56-257945C20691}
	EndGlobalSection
EndGlobal
